
Microsoft Visual Studio Solution File, Format Version 12.00
# Visual Studio Version 16
VisualStudioVersion = 16.0.31025.194
MinimumVisualStudioVersion = 10.0.40219.1
Project("{F184B08F-C81C-45F6-A57F-5ABD9991F28F}") = "exercise week6 part2", "exercise week6 part2\exercise week6 part2.vbproj", "{CA1D5B38-2F6C-4B22-9BE5-0D208BA156C7}"
EndProject
Global
	GlobalSection(SolutionConfigurationPlatforms) = preSolution
		Debug|Any CPU = Debug|Any CPU
		Release|Any CPU = Release|Any CPU
	EndGlobalSection
	GlobalSection(ProjectConfigurationPlatforms) = postSolution
		{CA1D5B38-2F6C-4B22-9BE5-0D208BA156C7}.Debug|Any CPU.ActiveCfg = Debug|Any CPU
		{CA1D5B38-2F6C-4B22-9BE5-0D208BA156C7}.Debug|Any CPU.Build.0 = Debug|Any CPU
		{CA1D5B38-2F6C-4B22-9BE5-0D208BA156C7}.Release|Any CPU.ActiveCfg = Release|Any CPU
		{CA1D5B38-2F6C-4B22-9BE5-0D208BA156C7}.Release|Any CPU.Build.0 = Release|Any CPU
	EndGlobalSection
	GlobalSection(SolutionProperties) = preSolution
		HideSolutionNode = FALSE
	EndGlobalSection
	GlobalSection(ExtensibilityGlobals) = postSolution
		SolutionGuid = {F4FA7D3C-7F2B-48FC-A278-05D630B40D7C}
	EndGlobalSection
EndGlobal
